
Microsoft Visual Studio Solution File, Format Version 12.00
# Visual Studio Version 17
VisualStudioVersion = 17.5.002.0
MinimumVisualStudioVersion = 10.0.40219.1
Project("{9A19103F-16F7-4668-BE54-9A1E7A4F7556}") = "PlaywrightTestsDotNet", "PlaywrightTestsDotNet\PlaywrightTestsDotNet.csproj", "{B77C0659-D01D-4CE4-B3D7-F8A7FA8FC238}"
EndProject
Global
	GlobalSection(SolutionConfigurationPlatforms) = preSolution
		Debug|Any CPU = Debug|Any CPU
		Release|Any CPU = Release|Any CPU
	EndGlobalSection
	GlobalSection(ProjectConfigurationPlatforms) = postSolution
		{B77C0659-D01D-4CE4-B3D7-F8A7FA8FC238}.Debug|Any CPU.ActiveCfg = Debug|Any CPU
		{B77C0659-D01D-4CE4-B3D7-F8A7FA8FC238}.Debug|Any CPU.Build.0 = Debug|Any CPU
		{B77C0659-D01D-4CE4-B3D7-F8A7FA8FC238}.Release|Any CPU.ActiveCfg = Release|Any CPU
		{B77C0659-D01D-4CE4-B3D7-F8A7FA8FC238}.Release|Any CPU.Build.0 = Release|Any CPU
	EndGlobalSection
	GlobalSection(SolutionProperties) = preSolution
		HideSolutionNode = FALSE
	EndGlobalSection
	GlobalSection(ExtensibilityGlobals) = postSolution
		SolutionGuid = {5131D636-4607-48D3-A91C-748B37493115}
	EndGlobalSection
EndGlobal
